// !$*UTF8*$!
{
	archiveVersion = 1;
	classes = {
	};
	objectVersion = 56;
	objects = {

/* Begin PBXBuildFile section */
		6F2803BE2A78FA5C00927E6B /* SweaterShopDemoApp.swift in Sources */ = {isa = PBXBuildFile; fileRef = 6F2803BD2A78FA5C00927E6B /* SweaterShopDemoApp.swift */; };
		6F2803C02A78FA5C00927E6B /* ContentView.swift in Sources */ = {isa = PBXBuildFile; fileRef = 6F2803BF2A78FA5C00927E6B /* ContentView.swift */; };
		6F2803C22A78FA5E00927E6B /* Assets.xcassets in Resources */ = {isa = PBXBuildFile; fileRef = 6F2803C12A78FA5E00927E6B /* Assets.xcassets */; };
		6F2803C52A78FA5E00927E6B /* Preview Assets.xcassets in Resources */ = {isa = PBXBuildFile; fileRef = 6F2803C42A78FA5E00927E6B /* Preview Assets.xcassets */; };
		6F2803CD2A79143E00927E6B /* Product.swift in Sources */ = {isa = PBXBuildFile; fileRef = 6F2803CC2A79143E00927E6B /* Product.swift */; };
		6F2803D02A791A5900927E6B /* ProductCard.swift in Sources */ = {isa = PBXBuildFile; fileRef = 6F2803CF2A791A5900927E6B /* ProductCard.swift */; };
		6F2803D32A7A194700927E6B /* CartButton.swift in Sources */ = {isa = PBXBuildFile; fileRef = 6F2803D22A7A194700927E6B /* CartButton.swift */; };
		6F2803D52A7A269900927E6B /* CartView.swift in Sources */ = {isa = PBXBuildFile; fileRef = 6F2803D42A7A269900927E6B /* CartView.swift */; };
		6F2803D72A7A328300927E6B /* CartManager.swift in Sources */ = {isa = PBXBuildFile; fileRef = 6F2803D62A7A328300927E6B /* CartManager.swift */; };
		6F2803D92A7A4A8900927E6B /* ProductRow.swift in Sources */ = {isa = PBXBuildFile; fileRef = 6F2803D82A7A4A8900927E6B /* ProductRow.swift */; };
		6F2803DB2A7A613400927E6B /* PaymentButton.swift in Sources */ = {isa = PBXBuildFile; fileRef = 6F2803DA2A7A613400927E6B /* PaymentButton.swift */; };
/* End PBXBuildFile section */

/* Begin PBXFileReference section */
		6F2803BA2A78FA5C00927E6B /* SweaterShopDemo.app */ = {isa = PBXFileReference; explicitFileType = wrapper.application; includeInIndex = 0; path = SweaterShopDemo.app; sourceTree = BUILT_PRODUCTS_DIR; };
		6F2803BD2A78FA5C00927E6B /* SweaterShopDemoApp.swift */ = {isa = PBXFileReference; lastKnownFileType = sourcecode.swift; path = SweaterShopDemoApp.swift; sourceTree = "<group>"; };
		6F2803BF2A78FA5C00927E6B /* ContentView.swift */ = {isa = PBXFileReference; lastKnownFileType = sourcecode.swift; path = ContentView.swift; sourceTree = "<group>"; };
		6F2803C12A78FA5E00927E6B /* Assets.xcassets */ = {isa = PBXFileReference; lastKnownFileType = folder.assetcatalog; path = Assets.xcassets; sourceTree = "<group>"; };
		6F2803C42A78FA5E00927E6B /* Preview Assets.xcassets */ = {isa = PBXFileReference; lastKnownFileType = folder.assetcatalog; path = "Preview Assets.xcassets"; sourceTree = "<group>"; };
		6F2803CC2A79143E00927E6B /* Product.swift */ = {isa = PBXFileReference; lastKnownFileType = sourcecode.swift; path = Product.swift; sourceTree = "<group>"; };
		6F2803CF2A791A5900927E6B /* ProductCard.swift */ = {isa = PBXFileReference; lastKnownFileType = sourcecode.swift; path = ProductCard.swift; sourceTree = "<group>"; };
		6F2803D22A7A194700927E6B /* CartButton.swift */ = {isa = PBXFileReference; lastKnownFileType = sourcecode.swift; path = CartButton.swift; sourceTree = "<group>"; };
		6F2803D42A7A269900927E6B /* CartView.swift */ = {isa = PBXFileReference; lastKnownFileType = sourcecode.swift; path = CartView.swift; sourceTree = "<group>"; };
		6F2803D62A7A328300927E6B /* CartManager.swift */ = {isa = PBXFileReference; lastKnownFileType = sourcecode.swift; path = CartManager.swift; sourceTree = "<group>"; };
		6F2803D82A7A4A8900927E6B /* ProductRow.swift */ = {isa = PBXFileReference; lastKnownFileType = sourcecode.swift; path = ProductRow.swift; sourceTree = "<group>"; };
		6F2803DA2A7A613400927E6B /* PaymentButton.swift */ = {isa = PBXFileReference; lastKnownFileType = sourcecode.swift; path = PaymentButton.swift; sourceTree = "<group>"; };
/* End PBXFileReference section */

/* Begin PBXFrameworksBuildPhase section */
		6F2803B72A78FA5C00927E6B /* Frameworks */ = {
			isa = PBXFrameworksBuildPhase;
			buildActionMask = 2147483647;
			files = (
			);
			runOnlyForDeploymentPostprocessing = 0;
		};
/* End PBXFrameworksBuildPhase section */

/* Begin PBXGroup section */
		6F2803B12A78FA5C00927E6B = {
			isa = PBXGroup;
			children = (
				6F2803BC2A78FA5C00927E6B /* SweaterShopDemo */,
				6F2803BB2A78FA5C00927E6B /* Products */,
			);
			sourceTree = "<group>";
		};
		6F2803BB2A78FA5C00927E6B /* Products */ = {
			isa = PBXGroup;
			children = (
				6F2803BA2A78FA5C00927E6B /* SweaterShopDemo.app */,
			);
			name = Products;
			sourceTree = "<group>";
		};
		6F2803BC2A78FA5C00927E6B /* SweaterShopDemo */ = {
			isa = PBXGroup;
			children = (
				6F2803D12A792CDB00927E6B /* Views */,
				6F2803CB2A79142800927E6B /* Models */,
				6F2803BD2A78FA5C00927E6B /* SweaterShopDemoApp.swift */,
				6F2803CE2A791A1700927E6B /* Components */,
				6F2803C12A78FA5E00927E6B /* Assets.xcassets */,
				6F2803C32A78FA5E00927E6B /* Preview Content */,
				6F2803D62A7A328300927E6B /* CartManager.swift */,
			);
			path = SweaterShopDemo;
			sourceTree = "<group>";
		};
		6F2803C32A78FA5E00927E6B /* Preview Content */ = {
			isa = PBXGroup;
			children = (
				6F2803C42A78FA5E00927E6B /* Preview Assets.xcassets */,
			);
			path = "Preview Content";
			sourceTree = "<group>";
		};
		6F2803CB2A79142800927E6B /* Models */ = {
			isa = PBXGroup;
			children = (
				6F2803CC2A79143E00927E6B /* Product.swift */,
			);
			path = Models;
			sourceTree = "<group>";
		};
		6F2803CE2A791A1700927E6B /* Components */ = {
			isa = PBXGroup;
			children = (
				6F2803CF2A791A5900927E6B /* ProductCard.swift */,
				6F2803D22A7A194700927E6B /* CartButton.swift */,
				6F2803D82A7A4A8900927E6B /* ProductRow.swift */,
				6F2803DA2A7A613400927E6B /* PaymentButton.swift */,
			);
			path = Components;
			sourceTree = "<group>";
		};
		6F2803D12A792CDB00927E6B /* Views */ = {
			isa = PBXGroup;
			children = (
				6F2803BF2A78FA5C00927E6B /* ContentView.swift */,
				6F2803D42A7A269900927E6B /* CartView.swift */,
			);
			path = Views;
			sourceTree = "<group>";
		};
/* End PBXGroup section */

/* Begin PBXNativeTarget section */
		6F2803B92A78FA5C00927E6B /* SweaterShopDemo */ = {
			isa = PBXNativeTarget;
			buildConfigurationList = 6F2803C82A78FA5E00927E6B /* Build configuration list for PBXNativeTarget "SweaterShopDemo" */;
			buildPhases = (
				6F2803B62A78FA5C00927E6B /* Sources */,
				6F2803B72A78FA5C00927E6B /* Frameworks */,
				6F2803B82A78FA5C00927E6B /* Resources */,
			);
			buildRules = (
			);
			dependencies = (
			);
			name = SweaterShopDemo;
			productName = SweaterShopDemo;
			productReference = 6F2803BA2A78FA5C00927E6B /* SweaterShopDemo.app */;
			productType = "com.apple.product-type.application";
		};
/* End PBXNativeTarget section */

/* Begin PBXProject section */
		6F2803B22A78FA5C00927E6B /* Project object */ = {
			isa = PBXProject;
			attributes = {
				BuildIndependentTargetsInParallel = 1;
				LastSwiftUpdateCheck = 1430;
				LastUpgradeCheck = 1430;
				TargetAttributes = {
					6F2803B92A78FA5C00927E6B = {
						CreatedOnToolsVersion = 14.3.1;
					};
				};
			};
			buildConfigurationList = 6F2803B52A78FA5C00927E6B /* Build configuration list for PBXProject "SweaterShopDemo" */;
			compatibilityVersion = "Xcode 14.0";
			developmentRegion = en;
			hasScannedForEncodings = 0;
			knownRegions = (
				en,
				Base,
			);
			mainGroup = 6F2803B12A78FA5C00927E6B;
			productRefGroup = 6F2803BB2A78FA5C00927E6B /* Products */;
			projectDirPath = "";
			projectRoot = "";
			targets = (
				6F2803B92A78FA5C00927E6B /* SweaterShopDemo */,
			);
		};
/* End PBXProject section */

/* Begin PBXResourcesBuildPhase section */
		6F2803B82A78FA5C00927E6B /* Resources */ = {
			isa = PBXResourcesBuildPhase;
			buildActionMask = 2147483647;
			files = (
				6F2803C52A78FA5E00927E6B /* Preview Assets.xcassets in Resources */,
				6F2803C22A78FA5E00927E6B /* Assets.xcassets in Resources */,
			);
			runOnlyForDeploymentPostprocessing = 0;
		};
/* End PBXResourcesBuildPhase section */

/* Begin PBXSourcesBuildPhase section */
		6F2803B62A78FA5C00927E6B /* Sources */ = {
			isa = PBXSourcesBuildPhase;
			buildActionMask = 2147483647;
			files = (
				6F2803DB2A7A613400927E6B /* PaymentButton.swift in Sources */,
				6F2803D52A7A269900927E6B /* CartView.swift in Sources */,
				6F2803C02A78FA5C00927E6B /* ContentView.swift in Sources */,
				6F2803D72A7A328300927E6B /* CartManager.swift in Sources */,
				6F2803BE2A78FA5C00927E6B /* SweaterShopDemoApp.swift in Sources */,
				6F2803D92A7A4A8900927E6B /* ProductRow.swift in Sources */,
				6F2803CD2A79143E00927E6B /* Product.swift in Sources */,
				6F2803D02A791A5900927E6B /* ProductCard.swift in Sources */,
				6F2803D32A7A194700927E6B /* CartButton.swift in Sources */,
			);
			runOnlyForDeploymentPostprocessing = 0;
		};
/* End PBXSourcesBuildPhase section */

/* Begin XCBuildConfiguration section */
		6F2803C62A78FA5E00927E6B /* Debug */ = {
			isa = XCBuildConfiguration;
			buildSettings = {
				ALWAYS_SEARCH_USER_PATHS = NO;
				CLANG_ANALYZER_NONNULL = YES;
				CLANG_ANALYZER_NUMBER_OBJECT_CONVERSION = YES_AGGRESSIVE;
				CLANG_CXX_LANGUAGE_STANDARD = "gnu++20";
				CLANG_ENABLE_MODULES = YES;
				CLANG_ENABLE_OBJC_ARC = YES;
				CLANG_ENABLE_OBJC_WEAK = YES;
				CLANG_WARN_BLOCK_CAPTURE_AUTORELEASING = YES;
				CLANG_WARN_BOOL_CONVERSION = YES;
				CLANG_WARN_COMMA = YES;
				CLANG_WARN_CONSTANT_CONVERSION = YES;
				CLANG_WARN_DEPRECATED_OBJC_IMPLEMENTATIONS = YES;
				CLANG_WARN_DIRECT_OBJC_ISA_USAGE = YES_ERROR;
				CLANG_WARN_DOCUMENTATION_COMMENTS = YES;
				CLANG_WARN_EMPTY_BODY = YES;
				CLANG_WARN_ENUM_CONVERSION = YES;
				CLANG_WARN_INFINITE_RECURSION = YES;
				CLANG_WARN_INT_CONVERSION = YES;
				CLANG_WARN_NON_LITERAL_NULL_CONVERSION = YES;
				CLANG_WARN_OBJC_IMPLICIT_RETAIN_SELF = YES;
				CLANG_WARN_OBJC_LITERAL_CONVERSION = YES;
				CLANG_WARN_OBJC_ROOT_CLASS = YES_ERROR;
				CLANG_WARN_QUOTED_INCLUDE_IN_FRAMEWORK_HEADER = YES;
				CLANG_WARN_RANGE_LOOP_ANALYSIS = YES;
				CLANG_WARN_STRICT_PROTOTYPES = YES;
				CLANG_WARN_SUSPICIOUS_MOVE = YES;
				CLANG_WARN_UNGUARDED_AVAILABILITY = YES_AGGRESSIVE;
				CLANG_WARN_UNREACHABLE_CODE = YES;
				CLANG_WARN__DUPLICATE_METHOD_MATCH = YES;
				COPY_PHASE_STRIP = NO;
				DEBUG_INFORMATION_FORMAT = dwarf;
				ENABLE_STRICT_OBJC_MSGSEND = YES;
				ENABLE_TESTABILITY = YES;
				GCC_C_LANGUAGE_STANDARD = gnu11;
				GCC_DYNAMIC_NO_PIC = NO;
				GCC_NO_COMMON_BLOCKS = YES;
				GCC_OPTIMIZATION_LEVEL = 0;
				GCC_PREPROCESSOR_DEFINITIONS = (
					"DEBUG=1",
					"$(inherited)",
				);
				GCC_WARN_64_TO_32_BIT_CONVERSION = YES;
				GCC_WARN_ABOUT_RETURN_TYPE = YES_ERROR;
				GCC_WARN_UNDECLARED_SELECTOR = YES;
				GCC_WARN_UNINITIALIZED_AUTOS = YES_AGGRESSIVE;
				GCC_WARN_UNUSED_FUNCTION = YES;
				GCC_WARN_UNUSED_VARIABLE = YES;
				IPHONEOS_DEPLOYMENT_TARGET = 16.4;
				MTL_ENABLE_DEBUG_INFO = INCLUDE_SOURCE;
				MTL_FAST_MATH = YES;
				ONLY_ACTIVE_ARCH = YES;
				SDKROOT = iphoneos;
				SWIFT_ACTIVE_COMPILATION_CONDITIONS = DEBUG;
				SWIFT_OPTIMIZATION_LEVEL = "-Onone";
			};
			name = Debug;
		};
		6F2803C72A78FA5E00927E6B /* Release */ = {
			isa = XCBuildConfiguration;
			buildSettings = {
				ALWAYS_SEARCH_USER_PATHS = NO;
				CLANG_ANALYZER_NONNULL = YES;
				CLANG_ANALYZER_NUMBER_OBJECT_CONVERSION = YES_AGGRESSIVE;
				CLANG_CXX_LANGUAGE_STANDARD = "gnu++20";
				CLANG_ENABLE_MODULES = YES;
				CLANG_ENABLE_OBJC_ARC = YES;
				CLANG_ENABLE_OBJC_WEAK = YES;
				CLANG_WARN_BLOCK_CAPTURE_AUTORELEASING = YES;
				CLANG_WARN_BOOL_CONVERSION = YES;
				CLANG_WARN_COMMA = YES;
				CLANG_WARN_CONSTANT_CONVERSION = YES;
				CLANG_WARN_DEPRECATED_OBJC_IMPLEMENTATIONS = YES;
				CLANG_WARN_DIRECT_OBJC_ISA_USAGE = YES_ERROR;
				CLANG_WARN_DOCUMENTATION_COMMENTS = YES;
				CLANG_WARN_EMPTY_BODY = YES;
				CLANG_WARN_ENUM_CONVERSION = YES;
				CLANG_WARN_INFINITE_RECURSION = YES;
				CLANG_WARN_INT_CONVERSION = YES;
				CLANG_WARN_NON_LITERAL_NULL_CONVERSION = YES;
				CLANG_WARN_OBJC_IMPLICIT_RETAIN_SELF = YES;
				CLANG_WARN_OBJC_LITERAL_CONVERSION = YES;
				CLANG_WARN_OBJC_ROOT_CLASS = YES_ERROR;
				CLANG_WARN_QUOTED_INCLUDE_IN_FRAMEWORK_HEADER = YES;
				CLANG_WARN_RANGE_LOOP_ANALYSIS = YES;
				CLANG_WARN_STRICT_PROTOTYPES = YES;
				CLANG_WARN_SUSPICIOUS_MOVE = YES;
				CLANG_WARN_UNGUARDED_AVAILABILITY = YES_AGGRESSIVE;
				CLANG_WARN_UNREACHABLE_CODE = YES;
				CLANG_WARN__DUPLICATE_METHOD_MATCH = YES;
				COPY_PHASE_STRIP = NO;
				DEBUG_INFORMATION_FORMAT = "dwarf-with-dsym";
				ENABLE_NS_ASSERTIONS = NO;
				ENABLE_STRICT_OBJC_MSGSEND = YES;
				GCC_C_LANGUAGE_STANDARD = gnu11;
				GCC_NO_COMMON_BLOCKS = YES;
				GCC_WARN_64_TO_32_BIT_CONVERSION = YES;
				GCC_WARN_ABOUT_RETURN_TYPE = YES_ERROR;
				GCC_WARN_UNDECLARED_SELECTOR = YES;
				GCC_WARN_UNINITIALIZED_AUTOS = YES_AGGRESSIVE;
				GCC_WARN_UNUSED_FUNCTION = YES;
				GCC_WARN_UNUSED_VARIABLE = YES;
				IPHONEOS_DEPLOYMENT_TARGET = 16.4;
				MTL_ENABLE_DEBUG_INFO = NO;
				MTL_FAST_MATH = YES;
				SDKROOT = iphoneos;
				SWIFT_COMPILATION_MODE = wholemodule;
				SWIFT_OPTIMIZATION_LEVEL = "-O";
				VALIDATE_PRODUCT = YES;
			};
			name = Release;
		};
		6F2803C92A78FA5E00927E6B /* Debug */ = {
			isa = XCBuildConfiguration;
			buildSettings = {
				ASSETCATALOG_COMPILER_APPICON_NAME = AppIcon;
				ASSETCATALOG_COMPILER_GLOBAL_ACCENT_COLOR_NAME = AccentColor;
				CODE_SIGN_STYLE = Automatic;
				CURRENT_PROJECT_VERSION = 1;
				DEVELOPMENT_ASSET_PATHS = "\"SweaterShopDemo/Preview Content\"";
				DEVELOPMENT_TEAM = L765ZY934H;
				ENABLE_PREVIEWS = YES;
				GENERATE_INFOPLIST_FILE = YES;
				INFOPLIST_KEY_UIApplicationSceneManifest_Generation = YES;
				INFOPLIST_KEY_UIApplicationSupportsIndirectInputEvents = YES;
				INFOPLIST_KEY_UILaunchScreen_Generation = YES;
				INFOPLIST_KEY_UISupportedInterfaceOrientations_iPad = "UIInterfaceOrientationPortrait UIInterfaceOrientationPortraitUpsideDown UIInterfaceOrientationLandscapeLeft UIInterfaceOrientationLandscapeRight";
				INFOPLIST_KEY_UISupportedInterfaceOrientations_iPhone = "UIInterfaceOrientationPortrait UIInterfaceOrientationLandscapeLeft UIInterfaceOrientationLandscapeRight";
				LD_RUNPATH_SEARCH_PATHS = (
					"$(inherited)",
					"@executable_path/Frameworks",
				);
				MARKETING_VERSION = 1.0;
				PRODUCT_BUNDLE_IDENTIFIER = rohit.SweaterShopDemo;
				PRODUCT_NAME = "$(TARGET_NAME)";
				SWIFT_EMIT_LOC_STRINGS = YES;
				SWIFT_VERSION = 5.0;
				TARGETED_DEVICE_FAMILY = "1,2";
			};
			name = Debug;
		};
		6F2803CA2A78FA5E00927E6B /* Release */ = {
			isa = XCBuildConfiguration;
			buildSettings = {
				ASSETCATALOG_COMPILER_APPICON_NAME = AppIcon;
				ASSETCATALOG_COMPILER_GLOBAL_ACCENT_COLOR_NAME = AccentColor;
				CODE_SIGN_STYLE = Automatic;
				CURRENT_PROJECT_VERSION = 1;
				DEVELOPMENT_ASSET_PATHS = "\"SweaterShopDemo/Preview Content\"";
				DEVELOPMENT_TEAM = L765ZY934H;
				ENABLE_PREVIEWS = YES;
				GENERATE_INFOPLIST_FILE = YES;
				INFOPLIST_KEY_UIApplicationSceneManifest_Generation = YES;
				INFOPLIST_KEY_UIApplicationSupportsIndirectInputEvents = YES;
				INFOPLIST_KEY_UILaunchScreen_Generation = YES;
				INFOPLIST_KEY_UISupportedInterfaceOrientations_iPad = "UIInterfaceOrientationPortrait UIInterfaceOrientationPortraitUpsideDown UIInterfaceOrientationLandscapeLeft UIInterfaceOrientationLandscapeRight";
				INFOPLIST_KEY_UISupportedInterfaceOrientations_iPhone = "UIInterfaceOrientationPortrait UIInterfaceOrientationLandscapeLeft UIInterfaceOrientationLandscapeRight";
				LD_RUNPATH_SEARCH_PATHS = (
					"$(inherited)",
					"@executable_path/Frameworks",
				);
				MARKETING_VERSION = 1.0;
				PRODUCT_BUNDLE_IDENTIFIER = rohit.SweaterShopDemo;
				PRODUCT_NAME = "$(TARGET_NAME)";
				SWIFT_EMIT_LOC_STRINGS = YES;
				SWIFT_VERSION = 5.0;
				TARGETED_DEVICE_FAMILY = "1,2";
			};
			name = Release;
		};
/* End XCBuildConfiguration section */

/* Begin XCConfigurationList section */
		6F2803B52A78FA5C00927E6B /* Build configuration list for PBXProject "SweaterShopDemo" */ = {
			isa = XCConfigurationList;
			buildConfigurations = (
				6F2803C62A78FA5E00927E6B /* Debug */,
				6F2803C72A78FA5E00927E6B /* Release */,
			);
			defaultConfigurationIsVisible = 0;
			defaultConfigurationName = Release;
		};
		6F2803C82A78FA5E00927E6B /* Build configuration list for PBXNativeTarget "SweaterShopDemo" */ = {
			isa = XCConfigurationList;
			buildConfigurations = (
				6F2803C92A78FA5E00927E6B /* Debug */,
				6F2803CA2A78FA5E00927E6B /* Release */,
			);
			defaultConfigurationIsVisible = 0;
			defaultConfigurationName = Release;
		};
/* End XCConfigurationList section */
	};
	rootObject = 6F2803B22A78FA5C00927E6B /* Project object */;
}
